lockfileVersion: '9.0'

settings:
  autoInstallPeers: true
  excludeLinksFromLockfile: false

pnpmfileChecksum: sha256-La8sfCMI7irxJPTW6u4mJb4vNiyLrXeEbKaXv5G3dL0=

importers:

  .: {}

  ../../packages/example-19-0-0:
    dependencies:
      react:
        specifier: 19.0.0
        version: 19.0.0

  ../../packages/example-19-0-1:
    dependencies:
      react:
        specifier: 19.0.1
        version: 19.0.1

packages:

  react@19.0.0:
    resolution: {integrity: sha512-V8AVnmPIICiWpGfm6GLzCR/W5FXLchHop40W4nXBmdlEceh16rCN8O8LNWm5bh5XUX91fh7KpA+W0TgMKmgTpQ==}
    engines: {node: '>=0.10.0'}

  react@19.0.1:
    resolution: {integrity: sha512-nVRaZCuEyvu69sWrkdwjP6QY57C+lY+uMNNMyWUFJb9Z/JlaBOQus7mSMfGYsblv7R691u6SSJA/dX9IRnyyLQ==}
    engines: {node: '>=0.10.0'}

snapshots:

  react@19.0.0: {}

  react@19.0.1: {}
